# @generated by Move, please check-in and do not edit manually.

[move]
version = 2
manifest_digest = "22B29189A7188914A223E0040AA69BA5906D72C525C7AA8BEDDDFBAB87B49D3F"
deps_digest = "F8BBB0CCB2491CA29A3DF03D6F92277A4F3574266507ACD77214D37ECA3F3082"
dependencies = [
  { name = "Sui" },
]

[[move.package]]
name = "MoveStdlib"
source = { git = "https://github.com/MystenLabs/sui.git", rev = "framework/testnet", subdir = "crates/sui-framework/packages/move-stdlib" }

[[move.package]]
name = "Sui"
source = { git = "https://github.com/MystenLabs/sui.git", rev = "framework/testnet", subdir = "crates/sui-framework/packages/sui-framework" }

dependencies = [
  { name = "MoveStdlib" },
]

[move.toolchain-version]
compiler-version = "1.30.0"
edition = "2024.beta"
flavor = "sui"

[env]

[env.testnet]
chain-id = "4c78adac"
original-published-id = "0x78a9a7d886e3da62dfd17445fbfb27768431155d269fd8207c18c983738710ca"
latest-published-id = "0x78a9a7d886e3da62dfd17445fbfb27768431155d269fd8207c18c983738710ca"
published-version = "1"
